
Microsoft Visual Studio Solution File, Format Version 12.00
# Visual Studio Version 17
VisualStudioVersion = 17.8.34511.84
MinimumVisualStudioVersion = 10.0.40219.1
Project("{FAE04EC0-301F-11D3-BF4B-00C04F79EFBC}") = "NotificationApi", "NotificationApi.csproj", "{53C0D23A-959C-4B35-9A30-01D3E1B2EC4B}"
EndProject
Global
	GlobalSection(SolutionConfigurationPlatforms) = preSolution
		Debug|Any CPU = Debug|Any CPU
		Release|Any CPU = Release|Any CPU
	EndGlobalSection
	GlobalSection(ProjectConfigurationPlatforms) = postSolution
		{53C0D23A-959C-4B35-9A30-01D3E1B2EC4B}.Debug|Any CPU.ActiveCfg = Debug|Any CPU
		{53C0D23A-959C-4B35-9A30-01D3E1B2EC4B}.Debug|Any CPU.Build.0 = Debug|Any CPU
		{53C0D23A-959C-4B35-9A30-01D3E1B2EC4B}.Release|Any CPU.ActiveCfg = Release|Any CPU
		{53C0D23A-959C-4B35-9A30-01D3E1B2EC4B}.Release|Any CPU.Build.0 = Release|Any CPU
	EndGlobalSection
	GlobalSection(SolutionProperties) = preSolution
		HideSolutionNode = FALSE
	EndGlobalSection
	GlobalSection(ExtensibilityGlobals) = postSolution
		SolutionGuid = {83156903-535B-4BA3-BB13-C1F19DC7E279}
	EndGlobalSection
EndGlobal
